// !$*UTF8*$!
{
	archiveVersion = 1;
	classes = {
	};
	objectVersion = 46;
	objects = {

/* Begin PBXBuildFile section */
		8FDCB6FF1B87B9C700395DC8 /* AppDelegate.swift in Sources */ = {isa = PBXBuildFile; fileRef = 8FDCB6FE1B87B9C700395DC8 /* AppDelegate.swift */; };
		8FDCB7011B87B9C700395DC8 /* ViewController.swift in Sources */ = {isa = PBXBuildFile; fileRef = 8FDCB7001B87B9C700395DC8 /* ViewController.swift */; };
		8FDCB7041B87B9C700395DC8 /* Main.storyboard in Resources */ = {isa = PBXBuildFile; fileRef = 8FDCB7021B87B9C700395DC8 /* Main.storyboard */; };
		8FDCB7061B87B9C700395DC8 /* Images.xcassets in Resources */ = {isa = PBXBuildFile; fileRef = 8FDCB7051B87B9C700395DC8 /* Images.xcassets */; };
		8FDCB7091B87B9C700395DC8 /* LaunchScreen.xib in Resources */ = {isa = PBXBuildFile; fileRef = 8FDCB7071B87B9C700395DC8 /* LaunchScreen.xib */; };
		8FDCB7151B87B9C700395DC8 /* DesafioTagramTests.swift in Sources */ = {isa = PBXBuildFile; fileRef = 8FDCB7141B87B9C700395DC8 /* DesafioTagramTests.swift */; };
/* End PBXBuildFile section */

/* Begin PBXContainerItemProxy section */
		8FDCB70F1B87B9C700395DC8 /* PBXContainerItemProxy */ = {
			isa = PBXContainerItemProxy;
			containerPortal = 8FDCB6F11B87B9C700395DC8 /* Project object */;
			proxyType = 1;
			remoteGlobalIDString = 8FDCB6F81B87B9C700395DC8;
			remoteInfo = DesafioTagram;
		};
/* End PBXContainerItemProxy section */

/* Begin PBXFileReference section */
		8FDCB6F91B87B9C700395DC8 /* DesafioTagram.app */ = {isa = PBXFileReference; explicitFileType = wrapper.application; includeInIndex = 0; path = DesafioTagram.app; sourceTree = BUILT_PRODUCTS_DIR; };
		8FDCB6FD1B87B9C700395DC8 /* Info.plist */ = {isa = PBXFileReference; lastKnownFileType = text.plist.xml; path = Info.plist; sourceTree = "<group>"; };
		8FDCB6FE1B87B9C700395DC8 /* AppDelegate.swift */ = {isa = PBXFileReference; lastKnownFileType = sourcecode.swift; path = AppDelegate.swift; sourceTree = "<group>"; };
		8FDCB7001B87B9C700395DC8 /* ViewController.swift */ = {isa = PBXFileReference; lastKnownFileType = sourcecode.swift; path = ViewController.swift; sourceTree = "<group>"; };
		8FDCB7031B87B9C700395DC8 /* Base */ = {isa = PBXFileReference; lastKnownFileType = file.storyboard; name = Base; path = Base.lproj/Main.storyboard; sourceTree = "<group>"; };
		8FDCB7051B87B9C700395DC8 /* Images.xcassets */ = {isa = PBXFileReference; lastKnownFileType = folder.assetcatalog; path = Images.xcassets; sourceTree = "<group>"; };
		8FDCB7081B87B9C700395DC8 /* Base */ = {isa = PBXFileReference; lastKnownFileType = file.xib; name = Base; path = Base.lproj/LaunchScreen.xib; sourceTree = "<group>"; };
		8FDCB70E1B87B9C700395DC8 /* DesafioTagramTests.xctest */ = {isa = PBXFileReference; explicitFileType = wrapper.cfbundle; includeInIndex = 0; path = DesafioTagramTests.xctest; sourceTree = BUILT_PRODUCTS_DIR; };
		8FDCB7131B87B9C700395DC8 /* Info.plist */ = {isa = PBXFileReference; lastKnownFileType = text.plist.xml; path = Info.plist; sourceTree = "<group>"; };
		8FDCB7141B87B9C700395DC8 /* DesafioTagramTests.swift */ = {isa = PBXFileReference; lastKnownFileType = sourcecode.swift; path = DesafioTagramTests.swift; sourceTree = "<group>"; };
/* End PBXFileReference section */

/* Begin PBXFrameworksBuildPhase section */
		8FDCB6F61B87B9C700395DC8 /* Frameworks */ = {
			isa = PBXFrameworksBuildPhase;
			buildActionMask = 2147483647;
			files = (
			);
			runOnlyForDeploymentPostprocessing = 0;
		};
		8FDCB70B1B87B9C700395DC8 /* Frameworks */ = {
			isa = PBXFrameworksBuildPhase;
			buildActionMask = 2147483647;
			files = (
			);
			runOnlyForDeploymentPostprocessing = 0;
		};
/* End PBXFrameworksBuildPhase section */

/* Begin PBXGroup section */
		8FDCB6F01B87B9C700395DC8 = {
			isa = PBXGroup;
			children = (
				8FDCB6FB1B87B9C700395DC8 /* DesafioTagram */,
				8FDCB7111B87B9C700395DC8 /* DesafioTagramTests */,
				8FDCB6FA1B87B9C700395DC8 /* Products */,
			);
			sourceTree = "<group>";
		};
		8FDCB6FA1B87B9C700395DC8 /* Products */ = {
			isa = PBXGroup;
			children = (
				8FDCB6F91B87B9C700395DC8 /* DesafioTagram.app */,
				8FDCB70E1B87B9C700395DC8 /* DesafioTagramTests.xctest */,
			);
			name = Products;
			sourceTree = "<group>";
		};
		8FDCB6FB1B87B9C700395DC8 /* DesafioTagram */ = {
			isa = PBXGroup;
			children = (
				8FDCB6FE1B87B9C700395DC8 /* AppDelegate.swift */,
				8FDCB7001B87B9C700395DC8 /* ViewController.swift */,
				8FDCB7021B87B9C700395DC8 /* Main.storyboard */,
				8FDCB7051B87B9C700395DC8 /* Images.xcassets */,
				8FDCB7071B87B9C700395DC8 /* LaunchScreen.xib */,
				8FDCB6FC1B87B9C700395DC8 /* Supporting Files */,
			);
			path = DesafioTagram;
			sourceTree = "<group>";
		};
		8FDCB6FC1B87B9C700395DC8 /* Supporting Files */ = {
			isa = PBXGroup;
			children = (
				8FDCB6FD1B87B9C700395DC8 /* Info.plist */,
			);
			name = "Supporting Files";
			sourceTree = "<group>";
		};
		8FDCB7111B87B9C700395DC8 /* DesafioTagramTests */ = {
			isa = PBXGroup;
			children = (
				8FDCB7141B87B9C700395DC8 /* DesafioTagramTests.swift */,
				8FDCB7121B87B9C700395DC8 /* Supporting Files */,
			);
			path = DesafioTagramTests;
			sourceTree = "<group>";
		};
		8FDCB7121B87B9C700395DC8 /* Supporting Files */ = {
			isa = PBXGroup;
			children = (
				8FDCB7131B87B9C700395DC8 /* Info.plist */,
			);
			name = "Supporting Files";
			sourceTree = "<group>";
		};
/* End PBXGroup section */

/* Begin PBXNativeTarget section */
		8FDCB6F81B87B9C700395DC8 /* DesafioTagram */ = {
			isa = PBXNativeTarget;
			buildConfigurationList = 8FDCB7181B87B9C700395DC8 /* Build configuration list for PBXNativeTarget "DesafioTagram" */;
			buildPhases = (
				8FDCB6F51B87B9C700395DC8 /* Sources */,
				8FDCB6F61B87B9C700395DC8 /* Frameworks */,
				8FDCB6F71B87B9C700395DC8 /* Resources */,
			);
			buildRules = (
			);
			dependencies = (
			);
			name = DesafioTagram;
			productName = DesafioTagram;
			productReference = 8FDCB6F91B87B9C700395DC8 /* DesafioTagram.app */;
			productType = "com.apple.product-type.application";
		};
		8FDCB70D1B87B9C700395DC8 /* DesafioTagramTests */ = {
			isa = PBXNativeTarget;
			buildConfigurationList = 8FDCB71B1B87B9C700395DC8 /* Build configuration list for PBXNativeTarget "DesafioTagramTests" */;
			buildPhases = (
				8FDCB70A1B87B9C700395DC8 /* Sources */,
				8FDCB70B1B87B9C700395DC8 /* Frameworks */,
				8FDCB70C1B87B9C700395DC8 /* Resources */,
			);
			buildRules = (
			);
			dependencies = (
				8FDCB7101B87B9C700395DC8 /* PBXTargetDependency */,
			);
			name = DesafioTagramTests;
			productName = DesafioTagramTests;
			productReference = 8FDCB70E1B87B9C700395DC8 /* DesafioTagramTests.xctest */;
			productType = "com.apple.product-type.bundle.unit-test";
		};
/* End PBXNativeTarget section */

/* Begin PBXProject section */
		8FDCB6F11B87B9C700395DC8 /* Project object */ = {
			isa = PBXProject;
			attributes = {
				LastUpgradeCheck = 0640;
				ORGANIZATIONNAME = "Caique de Paula Pereira";
				TargetAttributes = {
					8FDCB6F81B87B9C700395DC8 = {
						CreatedOnToolsVersion = 6.4;
					};
					8FDCB70D1B87B9C700395DC8 = {
						CreatedOnToolsVersion = 6.4;
						TestTargetID = 8FDCB6F81B87B9C700395DC8;
					};
				};
			};
			buildConfigurationList = 8FDCB6F41B87B9C700395DC8 /* Build configuration list for PBXProject "DesafioTagram" */;
			compatibilityVersion = "Xcode 3.2";
			developmentRegion = English;
			hasScannedForEncodings = 0;
			knownRegions = (
				en,
				Base,
			);
			mainGroup = 8FDCB6F01B87B9C700395DC8;
			productRefGroup = 8FDCB6FA1B87B9C700395DC8 /* Products */;
			projectDirPath = "";
			projectRoot = "";
			targets = (
				8FDCB6F81B87B9C700395DC8 /* DesafioTagram */,
				8FDCB70D1B87B9C700395DC8 /* DesafioTagramTests */,
			);
		};
/* End PBXProject section */

/* Begin PBXResourcesBuildPhase section */
		8FDCB6F71B87B9C700395DC8 /* Resources */ = {
			isa = PBXResourcesBuildPhase;
			buildActionMask = 2147483647;
			files = (
				8FDCB7041B87B9C700395DC8 /* Main.storyboard in Resources */,
				8FDCB7091B87B9C700395DC8 /* LaunchScreen.xib in Resources */,
				8FDCB7061B87B9C700395DC8 /* Images.xcassets in Resources */,
			);
			runOnlyForDeploymentPostprocessing = 0;
		};
		8FDCB70C1B87B9C700395DC8 /* Resources */ = {
			isa = PBXResourcesBuildPhase;
			buildActionMask = 2147483647;
			files = (
			);
			runOnlyForDeploymentPostprocessing = 0;
		};
/* End PBXResourcesBuildPhase section */

/* Begin PBXSourcesBuildPhase section */
		8FDCB6F51B87B9C700395DC8 /* Sources */ = {
			isa = PBXSourcesBuildPhase;
			buildActionMask = 2147483647;
			files = (
				8FDCB7011B87B9C700395DC8 /* ViewController.swift in Sources */,
				8FDCB6FF1B87B9C700395DC8 /* AppDelegate.swift in Sources */,
			);
			runOnlyForDeploymentPostprocessing = 0;
		};
		8FDCB70A1B87B9C700395DC8 /* Sources */ = {
			isa = PBXSourcesBuildPhase;
			buildActionMask = 2147483647;
			files = (
				8FDCB7151B87B9C700395DC8 /* DesafioTagramTests.swift in Sources */,
			);
			runOnlyForDeploymentPostprocessing = 0;
		};
/* End PBXSourcesBuildPhase section */

/* Begin PBXTargetDependency section */
		8FDCB7101B87B9C700395DC8 /* PBXTargetDependency */ = {
			isa = PBXTargetDependency;
			target = 8FDCB6F81B87B9C700395DC8 /* DesafioTagram */;
			targetProxy = 8FDCB70F1B87B9C700395DC8 /* PBXContainerItemProxy */;
		};
/* End PBXTargetDependency section */

/* Begin PBXVariantGroup section */
		8FDCB7021B87B9C700395DC8 /* Main.storyboard */ = {
			isa = PBXVariantGroup;
			children = (
				8FDCB7031B87B9C700395DC8 /* Base */,
			);
			name = Main.storyboard;
			sourceTree = "<group>";
		};
		8FDCB7071B87B9C700395DC8 /* LaunchScreen.xib */ = {
			isa = PBXVariantGroup;
			children = (
				8FDCB7081B87B9C700395DC8 /* Base */,
			);
			name = LaunchScreen.xib;
			sourceTree = "<group>";
		};
/* End PBXVariantGroup section */

/* Begin XCBuildConfiguration section */
		8FDCB7161B87B9C700395DC8 /* Debug */ = {
			isa = XCBuildConfiguration;
			buildSettings = {
				ALWAYS_SEARCH_USER_PATHS = NO;
				CLANG_CXX_LANGUAGE_STANDARD = "gnu++0x";
				CLANG_CXX_LIBRARY = "libc++";
				CLANG_ENABLE_MODULES = YES;
				CLANG_ENABLE_OBJC_ARC = YES;
				CLANG_WARN_BOOL_CONVERSION = YES;
				CLANG_WARN_CONSTANT_CONVERSION = YES;
				CLANG_WARN_DIRECT_OBJC_ISA_USAGE = YES_ERROR;
				CLANG_WARN_EMPTY_BODY = YES;
				CLANG_WARN_ENUM_CONVERSION = YES;
				CLANG_WARN_INT_CONVERSION = YES;
				CLANG_WARN_OBJC_ROOT_CLASS = YES_ERROR;
				CLANG_WARN_UNREACHABLE_CODE = YES;
				CLANG_WARN__DUPLICATE_METHOD_MATCH = YES;
				"CODE_SIGN_IDENTITY[sdk=iphoneos*]" = "iPhone Developer";
				COPY_PHASE_STRIP = NO;
				DEBUG_INFORMATION_FORMAT = "dwarf-with-dsym";
				ENABLE_STRICT_OBJC_MSGSEND = YES;
				GCC_C_LANGUAGE_STANDARD = gnu99;
				GCC_DYNAMIC_NO_PIC = NO;
				GCC_NO_COMMON_BLOCKS = YES;
				GCC_OPTIMIZATION_LEVEL = 0;
				GCC_PREPROCESSOR_DEFINITIONS = (
					"DEBUG=1",
					"$(inherited)",
				);
				GCC_SYMBOLS_PRIVATE_EXTERN = NO;
				GCC_WARN_64_TO_32_BIT_CONVERSION = YES;
				GCC_WARN_ABOUT_RETURN_TYPE = YES_ERROR;
				GCC_WARN_UNDECLARED_SELECTOR = YES;
				GCC_WARN_UNINITIALIZED_AUTOS = YES_AGGRESSIVE;
				GCC_WARN_UNUSED_FUNCTION = YES;
				GCC_WARN_UNUSED_VARIABLE = YES;
				IPHONEOS_DEPLOYMENT_TARGET = 8.4;
				MTL_ENABLE_DEBUG_INFO = YES;
				ONLY_ACTIVE_ARCH = YES;
				SDKROOT = iphoneos;
				SWIFT_OPTIMIZATION_LEVEL = "-Onone";
			};
			name = Debug;
		};
		8FDCB7171B87B9C700395DC8 /* Release */ = {
			isa = XCBuildConfiguration;
			buildSettings = {
				ALWAYS_SEARCH_USER_PATHS = NO;
				CLANG_CXX_LANGUAGE_STANDARD = "gnu++0x";
				CLANG_CXX_LIBRARY = "libc++";
				CLANG_ENABLE_MODULES = YES;
				CLANG_ENABLE_OBJC_ARC = YES;
				CLANG_WARN_BOOL_CONVERSION = YES;
				CLANG_WARN_CONSTANT_CONVERSION = YES;
				CLANG_WARN_DIRECT_OBJC_ISA_USAGE = YES_ERROR;
				CLANG_WARN_EMPTY_BODY = YES;
				CLANG_WARN_ENUM_CONVERSION = YES;
				CLANG_WARN_INT_CONVERSION = YES;
				CLANG_WARN_OBJC_ROOT_CLASS = YES_ERROR;
				CLANG_WARN_UNREACHABLE_CODE = YES;
				CLANG_WARN__DUPLICATE_METHOD_MATCH = YES;
				"CODE_SIGN_IDENTITY[sdk=iphoneos*]" = "iPhone Developer";
				COPY_PHASE_STRIP = NO;
				DEBUG_INFORMATION_FORMAT = "dwarf-with-dsym";
				ENABLE_NS_ASSERTIONS = NO;
				ENABLE_STRICT_OBJC_MSGSEND = YES;
				GCC_C_LANGUAGE_STANDARD = gnu99;
				GCC_NO_COMMON_BLOCKS = YES;
				GCC_WARN_64_TO_32_BIT_CONVERSION = YES;
				GCC_WARN_ABOUT_RETURN_TYPE = YES_ERROR;
				GCC_WARN_UNDECLARED_SELECTOR = YES;
				GCC_WARN_UNINITIALIZED_AUTOS = YES_AGGRESSIVE;
				GCC_WARN_UNUSED_FUNCTION = YES;
				GCC_WARN_UNUSED_VARIABLE = YES;
				IPHONEOS_DEPLOYMENT_TARGET = 8.4;
				MTL_ENABLE_DEBUG_INFO = NO;
				SDKROOT = iphoneos;
				VALIDATE_PRODUCT = YES;
			};
			name = Release;
		};
		8FDCB7191B87B9C700395DC8 /* Debug */ = {
			isa = XCBuildConfiguration;
			buildSettings = {
				ASSETCATALOG_COMPILER_APPICON_NAME = AppIcon;
				INFOPLIST_FILE = DesafioTagram/Info.plist;
				LD_RUNPATH_SEARCH_PATHS = "$(inherited) @executable_path/Frameworks";
				PRODUCT_NAME = "$(TARGET_NAME)";
			};
			name = Debug;
		};
		8FDCB71A1B87B9C700395DC8 /* Release */ = {
			isa = XCBuildConfiguration;
			buildSettings = {
				ASSETCATALOG_COMPILER_APPICON_NAME = AppIcon;
				INFOPLIST_FILE = DesafioTagram/Info.plist;
				LD_RUNPATH_SEARCH_PATHS = "$(inherited) @executable_path/Frameworks";
				PRODUCT_NAME = "$(TARGET_NAME)";
			};
			name = Release;
		};
		8FDCB71C1B87B9C700395DC8 /* Debug */ = {
			isa = XCBuildConfiguration;
			buildSettings = {
				BUNDLE_LOADER = "$(TEST_HOST)";
				FRAMEWORK_SEARCH_PATHS = (
					"$(SDKROOT)/Developer/Library/Frameworks",
					"$(inherited)",
				);
				GCC_PREPROCESSOR_DEFINITIONS = (
					"DEBUG=1",
					"$(inherited)",
				);
				INFOPLIST_FILE = DesafioTagramTests/Info.plist;
				LD_RUNPATH_SEARCH_PATHS = "$(inherited) @executable_path/Frameworks @loader_path/Frameworks";
				PRODUCT_NAME = "$(TARGET_NAME)";
				TEST_HOST = "$(BUILT_PRODUCTS_DIR)/DesafioTagram.app/DesafioTagram";
			};
			name = Debug;
		};
		8FDCB71D1B87B9C700395DC8 /* Release */ = {
			isa = XCBuildConfiguration;
			buildSettings = {
				BUNDLE_LOADER = "$(TEST_HOST)";
				FRAMEWORK_SEARCH_PATHS = (
					"$(SDKROOT)/Developer/Library/Frameworks",
					"$(inherited)",
				);
				INFOPLIST_FILE = DesafioTagramTests/Info.plist;
				LD_RUNPATH_SEARCH_PATHS = "$(inherited) @executable_path/Frameworks @loader_path/Frameworks";
				PRODUCT_NAME = "$(TARGET_NAME)";
				TEST_HOST = "$(BUILT_PRODUCTS_DIR)/DesafioTagram.app/DesafioTagram";
			};
			name = Release;
		};
/* End XCBuildConfiguration section */

/* Begin XCConfigurationList section */
		8FDCB6F41B87B9C700395DC8 /* Build configuration list for PBXProject "DesafioTagram" */ = {
			isa = XCConfigurationList;
			buildConfigurations = (
				8FDCB7161B87B9C700395DC8 /* Debug */,
				8FDCB7171B87B9C700395DC8 /* Release */,
			);
			defaultConfigurationIsVisible = 0;
			defaultConfigurationName = Release;
		};
		8FDCB7181B87B9C700395DC8 /* Build configuration list for PBXNativeTarget "DesafioTagram" */ = {
			isa = XCConfigurationList;
			buildConfigurations = (
				8FDCB7191B87B9C700395DC8 /* Debug */,
				8FDCB71A1B87B9C700395DC8 /* Release */,
			);
			defaultConfigurationIsVisible = 0;
		};
		8FDCB71B1B87B9C700395DC8 /* Build configuration list for PBXNativeTarget "DesafioTagramTests" */ = {
			isa = XCConfigurationList;
			buildConfigurations = (
				8FDCB71C1B87B9C700395DC8 /* Debug */,
				8FDCB71D1B87B9C700395DC8 /* Release */,
			);
			defaultConfigurationIsVisible = 0;
		};
/* End XCConfigurationList section */
	};
	rootObject = 8FDCB6F11B87B9C700395DC8 /* Project object */;
}
